// !$*UTF8*$!
{
	archiveVersion = 1;
	classes = {
	};
	objectVersion = 50;
	objects = {

/* Begin PBXBuildFile section */
		1120671D20B2A19B003CC4E3 /* TestViewController.m in Sources */ = {isa = PBXBuildFile; fileRef = 1120671C20B2A19B003CC4E3 /* TestViewController.m */; };
		1120676320B2B1BE003CC4E3 /* TVViewController.m in Sources */ = {isa = PBXBuildFile; fileRef = 1120676220B2B1BE003CC4E3 /* TVViewController.m */; };
		1120678D20B2B1D4003CC4E3 /* LICENSE in Resources */ = {isa = PBXBuildFile; fileRef = 1120676520B2B1D4003CC4E3 /* LICENSE */; };
		1120678E20B2B1D4003CC4E3 /* NSLayoutConstraint+MASDebugAdditions.m in Sources */ = {isa = PBXBuildFile; fileRef = 1120676820B2B1D4003CC4E3 /* NSLayoutConstraint+MASDebugAdditions.m */; };
		1120678F20B2B1D4003CC4E3 /* ViewController+MASAdditions.m in Sources */ = {isa = PBXBuildFile; fileRef = 1120677120B2B1D4003CC4E3 /* ViewController+MASAdditions.m */; };
		1120679020B2B1D4003CC4E3 /* MASCompositeConstraint.m in Sources */ = {isa = PBXBuildFile; fileRef = 1120677520B2B1D4003CC4E3 /* MASCompositeConstraint.m */; };
		1120679120B2B1D4003CC4E3 /* MASConstraintMaker.m in Sources */ = {isa = PBXBuildFile; fileRef = 1120677620B2B1D4003CC4E3 /* MASConstraintMaker.m */; };
		1120679220B2B1D4003CC4E3 /* MASLayoutConstraint.m in Sources */ = {isa = PBXBuildFile; fileRef = 1120677720B2B1D4003CC4E3 /* MASLayoutConstraint.m */; };
		1120679320B2B1D4003CC4E3 /* NSArray+MASAdditions.m in Sources */ = {isa = PBXBuildFile; fileRef = 1120677820B2B1D4003CC4E3 /* NSArray+MASAdditions.m */; };
		1120679420B2B1D4003CC4E3 /* View+MASAdditions.m in Sources */ = {isa = PBXBuildFile; fileRef = 1120677920B2B1D4003CC4E3 /* View+MASAdditions.m */; };
		1120679520B2B1D4003CC4E3 /* MASConstraint.m in Sources */ = {isa = PBXBuildFile; fileRef = 1120677C20B2B1D4003CC4E3 /* MASConstraint.m */; };
		1120679620B2B1D4003CC4E3 /* MASViewConstraint.m in Sources */ = {isa = PBXBuildFile; fileRef = 1120677E20B2B1D4003CC4E3 /* MASViewConstraint.m */; };
		1120679720B2B1D4003CC4E3 /* MASViewAttribute.m in Sources */ = {isa = PBXBuildFile; fileRef = 1120677F20B2B1D4003CC4E3 /* MASViewAttribute.m */; };
		1120679820B2B1D4003CC4E3 /* README.md in Resources */ = {isa = PBXBuildFile; fileRef = 1120678020B2B1D4003CC4E3 /* README.md */; };
		1120679920B2B1D4003CC4E3 /* pause@2x.png in Resources */ = {isa = PBXBuildFile; fileRef = 1120678220B2B1D4003CC4E3 /* pause@2x.png */; };
		1120679A20B2B1D4003CC4E3 /* play@3x.png in Resources */ = {isa = PBXBuildFile; fileRef = 1120678320B2B1D4003CC4E3 /* play@3x.png */; };
		1120679B20B2B1D4003CC4E3 /* play@2x.png in Resources */ = {isa = PBXBuildFile; fileRef = 1120678420B2B1D4003CC4E3 /* play@2x.png */; };
		1120679C20B2B1D5003CC4E3 /* pause@3x.png in Resources */ = {isa = PBXBuildFile; fileRef = 1120678520B2B1D4003CC4E3 /* pause@3x.png */; };
		1120679D20B2B1D5003CC4E3 /* fullscreen@2x.png in Resources */ = {isa = PBXBuildFile; fileRef = 1120678620B2B1D4003CC4E3 /* fullscreen@2x.png */; };
		1120679E20B2B1D5003CC4E3 /* fullscreen@3x.png in Resources */ = {isa = PBXBuildFile; fileRef = 1120678720B2B1D4003CC4E3 /* fullscreen@3x.png */; };
		1120679F20B2B1D5003CC4E3 /* bac.png in Resources */ = {isa = PBXBuildFile; fileRef = 1120678820B2B1D4003CC4E3 /* bac.png */; };
		112067A020B2B1D5003CC4E3 /* nonfullscreen@3x.png in Resources */ = {isa = PBXBuildFile; fileRef = 1120678920B2B1D4003CC4E3 /* nonfullscreen@3x.png */; };
		112067A120B2B1D5003CC4E3 /* dot@2x.png in Resources */ = {isa = PBXBuildFile; fileRef = 1120678A20B2B1D4003CC4E3 /* dot@2x.png */; };
		112067A220B2B1D5003CC4E3 /* dot@3x.png in Resources */ = {isa = PBXBuildFile; fileRef = 1120678B20B2B1D4003CC4E3 /* dot@3x.png */; };
		112067A320B2B1D5003CC4E3 /* nonfullscreen@2x.png in Resources */ = {isa = PBXBuildFile; fileRef = 1120678C20B2B1D4003CC4E3 /* nonfullscreen@2x.png */; };
		1149680320B292B100E059BD /* AppDelegate.m in Sources */ = {isa = PBXBuildFile; fileRef = 1149680220B292B100E059BD /* AppDelegate.m */; };
		1149680620B292B100E059BD /* ViewController.m in Sources */ = {isa = PBXBuildFile; fileRef = 1149680520B292B100E059BD /* ViewController.m */; };
		1149680920B292B100E059BD /* Main.storyboard in Resources */ = {isa = PBXBuildFile; fileRef = 1149680720B292B100E059BD /* Main.storyboard */; };
		1149680B20B292B300E059BD /* Assets.xcassets in Resources */ = {isa = PBXBuildFile; fileRef = 1149680A20B292B300E059BD /* Assets.xcassets */; };
		1149680E20B292B300E059BD /* LaunchScreen.storyboard in Resources */ = {isa = PBXBuildFile; fileRef = 1149680C20B292B300E059BD /* LaunchScreen.storyboard */; };
		1149681120B292B300E059BD /* main.m in Sources */ = {isa = PBXBuildFile; fileRef = 1149681020B292B300E059BD /* main.m */; };
		1149681B20B292B300E059BD /* zzTestGitTests.m in Sources */ = {isa = PBXBuildFile; fileRef = 1149681A20B292B300E059BD /* zzTestGitTests.m */; };
		1149682620B292B300E059BD /* zzTestGitUITests.m in Sources */ = {isa = PBXBuildFile; fileRef = 1149682520B292B300E059BD /* zzTestGitUITests.m */; };
/* End PBXBuildFile section */

/* Begin PBXContainerItemProxy section */
		1149681720B292B300E059BD /* PBXContainerItemProxy */ = {
			isa = PBXContainerItemProxy;
			containerPortal = 114967F620B292B100E059BD /* Project object */;
			proxyType = 1;
			remoteGlobalIDString = 114967FD20B292B100E059BD;
			remoteInfo = zzTestGit;
		};
		1149682220B292B300E059BD /* PBXContainerItemProxy */ = {
			isa = PBXContainerItemProxy;
			containerPortal = 114967F620B292B100E059BD /* Project object */;
			proxyType = 1;
			remoteGlobalIDString = 114967FD20B292B100E059BD;
			remoteInfo = zzTestGit;
		};
/* End PBXContainerItemProxy section */

/* Begin PBXFileReference section */
		1120671B20B2A19B003CC4E3 /* TestViewController.h */ = {isa = PBXFileReference; lastKnownFileType = sourcecode.c.h; path = TestViewController.h; sourceTree = "<group>"; };
		1120671C20B2A19B003CC4E3 /* TestViewController.m */ = {isa = PBXFileReference; lastKnownFileType = sourcecode.c.objc; path = TestViewController.m; sourceTree = "<group>"; };
		1120676120B2B1BE003CC4E3 /* TVViewController.h */ = {isa = PBXFileReference; fileEncoding = 4; lastKnownFileType = sourcecode.c.h; path = TVViewController.h; sourceTree = "<group>"; };
		1120676220B2B1BE003CC4E3 /* TVViewController.m */ = {isa = PBXFileReference; fileEncoding = 4; lastKnownFileType = sourcecode.c.objc; path = TVViewController.m; sourceTree = "<group>"; };
		1120676520B2B1D4003CC4E3 /* LICENSE */ = {isa = PBXFileReference; fileEncoding = 4; lastKnownFileType = text; path = LICENSE; sourceTree = "<group>"; };
		1120676720B2B1D4003CC4E3 /* MASCompositeConstraint.h */ = {isa = PBXFileReference; fileEncoding = 4; lastKnownFileType = sourcecode.c.h; path = MASCompositeConstraint.h; sourceTree = "<group>"; };
		1120676820B2B1D4003CC4E3 /* NSLayoutConstraint+MASDebugAdditions.m */ = {isa = PBXFileReference; fileEncoding = 4; lastKnownFileType = sourcecode.c.objc; path = "NSLayoutConstraint+MASDebugAdditions.m"; sourceTree = "<group>"; };
		1120676920B2B1D4003CC4E3 /* MASConstraint+Private.h */ = {isa = PBXFileReference; fileEncoding = 4; lastKnownFileType = sourcecode.c.h; path = "MASConstraint+Private.h"; sourceTree = "<group>"; };
		1120676A20B2B1D4003CC4E3 /* MASLayoutConstraint.h */ = {isa = PBXFileReference; fileEncoding = 4; lastKnownFileType = sourcecode.c.h; path = MASLayoutConstraint.h; sourceTree = "<group>"; };
		1120676B20B2B1D4003CC4E3 /* NSArray+MASShorthandAdditions.h */ = {isa = PBXFileReference; fileEncoding = 4; lastKnownFileType = sourcecode.c.h; path = "NSArray+MASShorthandAdditions.h"; sourceTree = "<group>"; };
		1120676C20B2B1D4003CC4E3 /* MASConstraintMaker.h */ = {isa = PBXFileReference; fileEncoding = 4; lastKnownFileType = sourcecode.c.h; path = MASConstraintMaker.h; sourceTree = "<group>"; };
		1120676D20B2B1D4003CC4E3 /* View+MASAdditions.h */ = {isa = PBXFileReference; fileEncoding = 4; lastKnownFileType = sourcecode.c.h; path = "View+MASAdditions.h"; sourceTree = "<group>"; };
		1120676E20B2B1D4003CC4E3 /* NSArray+MASAdditions.h */ = {isa = PBXFileReference; fileEncoding = 4; lastKnownFileType = sourcecode.c.h; path = "NSArray+MASAdditions.h"; sourceTree = "<group>"; };
		1120676F20B2B1D4003CC4E3 /* MASUtilities.h */ = {isa = PBXFileReference; fileEncoding = 4; lastKnownFileType = sourcecode.c.h; path = MASUtilities.h; sourceTree = "<group>"; };
		1120677020B2B1D4003CC4E3 /* MASViewAttribute.h */ = {isa = PBXFileReference; fileEncoding = 4; lastKnownFileType = sourcecode.c.h; path = MASViewAttribute.h; sourceTree = "<group>"; };
		1120677120B2B1D4003CC4E3 /* ViewController+MASAdditions.m */ = {isa = PBXFileReference; fileEncoding = 4; lastKnownFileType = sourcecode.c.objc; path = "ViewController+MASAdditions.m"; sourceTree = "<group>"; };
		1120677220B2B1D4003CC4E3 /* MASViewConstraint.h */ = {isa = PBXFileReference; fileEncoding = 4; lastKnownFileType = sourcecode.c.h; path = MASViewConstraint.h; sourceTree = "<group>"; };
		1120677320B2B1D4003CC4E3 /* MASConstraint.h */ = {isa = PBXFileReference; fileEncoding = 4; lastKnownFileType = sourcecode.c.h; path = MASConstraint.h; sourceTree = "<group>"; };
		1120677420B2B1D4003CC4E3 /* NSLayoutConstraint+MASDebugAdditions.h */ = {isa = PBXFileReference; fileEncoding = 4; lastKnownFileType = sourcecode.c.h; path = "NSLayoutConstraint+MASDebugAdditions.h"; sourceTree = "<group>"; };
		1120677520B2B1D4003CC4E3 /* MASCompositeConstraint.m */ = {isa = PBXFileReference; fileEncoding = 4; lastKnownFileType = sourcecode.c.objc; path = MASCompositeConstraint.m; sourceTree = "<group>"; };
		1120677620B2B1D4003CC4E3 /* MASConstraintMaker.m */ = {isa = PBXFileReference; fileEncoding = 4; lastKnownFileType = sourcecode.c.objc; path = MASConstraintMaker.m; sourceTree = "<group>"; };
		1120677720B2B1D4003CC4E3 /* MASLayoutConstraint.m */ = {isa = PBXFileReference; fileEncoding = 4; lastKnownFileType = sourcecode.c.objc; path = MASLayoutConstraint.m; sourceTree = "<group>"; };
		1120677820B2B1D4003CC4E3 /* NSArray+MASAdditions.m */ = {isa = PBXFileReference; fileEncoding = 4; lastKnownFileType = sourcecode.c.objc; path = "NSArray+MASAdditions.m"; sourceTree = "<group>"; };
		1120677920B2B1D4003CC4E3 /* View+MASAdditions.m */ = {isa = PBXFileReference; fileEncoding = 4; lastKnownFileType = sourcecode.c.objc; path = "View+MASAdditions.m"; sourceTree = "<group>"; };
		1120677A20B2B1D4003CC4E3 /* View+MASShorthandAdditions.h */ = {isa = PBXFileReference; fileEncoding = 4; lastKnownFileType = sourcecode.c.h; path = "View+MASShorthandAdditions.h"; sourceTree = "<group>"; };
		1120677B20B2B1D4003CC4E3 /* Masonry.h */ = {isa = PBXFileReference; fileEncoding = 4; lastKnownFileType = sourcecode.c.h; path = Masonry.h; sourceTree = "<group>"; };
		1120677C20B2B1D4003CC4E3 /* MASConstraint.m */ = {isa = PBXFileReference; fileEncoding = 4; lastKnownFileType = sourcecode.c.objc; path = MASConstraint.m; sourceTree = "<group>"; };
		1120677D20B2B1D4003CC4E3 /* ViewController+MASAdditions.h */ = {isa = PBXFileReference; fileEncoding = 4; lastKnownFileType = sourcecode.c.h; path = "ViewController+MASAdditions.h"; sourceTree = "<group>"; };
		1120677E20B2B1D4003CC4E3 /* MASViewConstraint.m */ = {isa = PBXFileReference; fileEncoding = 4; lastKnownFileType = sourcecode.c.objc; path = MASViewConstraint.m; sourceTree = "<group>"; };
		1120677F20B2B1D4003CC4E3 /* MASViewAttribute.m */ = {isa = PBXFileReference; fileEncoding = 4; lastKnownFileType = sourcecode.c.objc; path = MASViewAttribute.m; sourceTree = "<group>"; };
		1120678020B2B1D4003CC4E3 /* README.md */ = {isa = PBXFileReference; fileEncoding = 4; lastKnownFileType = net.daringfireball.markdown; path = README.md; sourceTree = "<group>"; };
		1120678220B2B1D4003CC4E3 /* pause@2x.png */ = {isa = PBXFileReference; lastKnownFileType = image.png; path = "pause@2x.png"; sourceTree = "<group>"; };
		1120678320B2B1D4003CC4E3 /* play@3x.png */ = {isa = PBXFileReference; lastKnownFileType = image.png; path = "play@3x.png"; sourceTree = "<group>"; };
		1120678420B2B1D4003CC4E3 /* play@2x.png */ = {isa = PBXFileReference; lastKnownFileType = image.png; path = "play@2x.png"; sourceTree = "<group>"; };
		1120678520B2B1D4003CC4E3 /* pause@3x.png */ = {isa = PBXFileReference; lastKnownFileType = image.png; path = "pause@3x.png"; sourceTree = "<group>"; };
		1120678620B2B1D4003CC4E3 /* fullscreen@2x.png */ = {isa = PBXFileReference; lastKnownFileType = image.png; path = "fullscreen@2x.png"; sourceTree = "<group>"; };
		1120678720B2B1D4003CC4E3 /* fullscreen@3x.png */ = {isa = PBXFileReference; lastKnownFileType = image.png; path = "fullscreen@3x.png"; sourceTree = "<group>"; };
		1120678820B2B1D4003CC4E3 /* bac.png */ = {isa = PBXFileReference; lastKnownFileType = image.png; path = bac.png; sourceTree = "<group>"; };
		1120678920B2B1D4003CC4E3 /* nonfullscreen@3x.png */ = {isa = PBXFileReference; lastKnownFileType = image.png; path = "nonfullscreen@3x.png"; sourceTree = "<group>"; };
		1120678A20B2B1D4003CC4E3 /* dot@2x.png */ = {isa = PBXFileReference; lastKnownFileType = image.png; path = "dot@2x.png"; sourceTree = "<group>"; };
		1120678B20B2B1D4003CC4E3 /* dot@3x.png */ = {isa = PBXFileReference; lastKnownFileType = image.png; path = "dot@3x.png"; sourceTree = "<group>"; };
		1120678C20B2B1D4003CC4E3 /* nonfullscreen@2x.png */ = {isa = PBXFileReference; lastKnownFileType = image.png; path = "nonfullscreen@2x.png"; sourceTree = "<group>"; };
		114967FE20B292B100E059BD /* zzTestGit.app */ = {isa = PBXFileReference; explicitFileType = wrapper.application; includeInIndex = 0; path = zzTestGit.app; sourceTree = BUILT_PRODUCTS_DIR; };
		1149680120B292B100E059BD /* AppDelegate.h */ = {isa = PBXFileReference; lastKnownFileType = sourcecode.c.h; path = AppDelegate.h; sourceTree = "<group>"; };
		1149680220B292B100E059BD /* AppDelegate.m */ = {isa = PBXFileReference; lastKnownFileType = sourcecode.c.objc; path = AppDelegate.m; sourceTree = "<group>"; };
		1149680420B292B100E059BD /* ViewController.h */ = {isa = PBXFileReference; lastKnownFileType = sourcecode.c.h; path = ViewController.h; sourceTree = "<group>"; };
		1149680520B292B100E059BD /* ViewController.m */ = {isa = PBXFileReference; lastKnownFileType = sourcecode.c.objc; path = ViewController.m; sourceTree = "<group>"; };
		1149680820B292B100E059BD /* Base */ = {isa = PBXFileReference; lastKnownFileType = file.storyboard; name = Base; path = Base.lproj/Main.storyboard; sourceTree = "<group>"; };
		1149680A20B292B300E059BD /* Assets.xcassets */ = {isa = PBXFileReference; lastKnownFileType = folder.assetcatalog; path = Assets.xcassets; sourceTree = "<group>"; };
		1149680D20B292B300E059BD /* Base */ = {isa = PBXFileReference; lastKnownFileType = file.storyboard; name = Base; path = Base.lproj/LaunchScreen.storyboard; sourceTree = "<group>"; };
		1149680F20B292B300E059BD /* Info.plist */ = {isa = PBXFileReference; lastKnownFileType = text.plist.xml; path = Info.plist; sourceTree = "<group>"; };
		1149681020B292B300E059BD /* main.m */ = {isa = PBXFileReference; lastKnownFileType = sourcecode.c.objc; path = main.m; sourceTree = "<group>"; };
		1149681620B292B300E059BD /* zzTestGitTests.xctest */ = {isa = PBXFileReference; explicitFileType = wrapper.cfbundle; includeInIndex = 0; path = zzTestGitTests.xctest; sourceTree = BUILT_PRODUCTS_DIR; };
		1149681A20B292B300E059BD /* zzTestGitTests.m */ = {isa = PBXFileReference; lastKnownFileType = sourcecode.c.objc; path = zzTestGitTests.m; sourceTree = "<group>"; };
		1149681C20B292B300E059BD /* Info.plist */ = {isa = PBXFileReference; lastKnownFileType = text.plist.xml; path = Info.plist; sourceTree = "<group>"; };
		1149682120B292B300E059BD /* zzTestGitUITests.xctest */ = {isa = PBXFileReference; explicitFileType = wrapper.cfbundle; includeInIndex = 0; path = zzTestGitUITests.xctest; sourceTree = BUILT_PRODUCTS_DIR; };
		1149682520B292B300E059BD /* zzTestGitUITests.m */ = {isa = PBXFileReference; lastKnownFileType = sourcecode.c.objc; path = zzTestGitUITests.m; sourceTree = "<group>"; };
		1149682720B292B300E059BD /* Info.plist */ = {isa = PBXFileReference; lastKnownFileType = text.plist.xml; path = Info.plist; sourceTree = "<group>"; };
/* End PBXFileReference section */

/* Begin PBXFrameworksBuildPhase section */
		114967FB20B292B100E059BD /* Frameworks */ = {
			isa = PBXFrameworksBuildPhase;
			buildActionMask = 2147483647;
			files = (
			);
			runOnlyForDeploymentPostprocessing = 0;
		};
		1149681320B292B300E059BD /* Frameworks */ = {
			isa = PBXFrameworksBuildPhase;
			buildActionMask = 2147483647;
			files = (
			);
			runOnlyForDeploymentPostprocessing = 0;
		};
		1149681E20B292B300E059BD /* Frameworks */ = {
			isa = PBXFrameworksBuildPhase;
			buildActionMask = 2147483647;
			files = (
			);
			runOnlyForDeploymentPostprocessing = 0;
		};
/* End PBXFrameworksBuildPhase section */

/* Begin PBXGroup section */
		1120676420B2B1D4003CC4E3 /* Masonry */ = {
			isa = PBXGroup;
			children = (
				1120676520B2B1D4003CC4E3 /* LICENSE */,
				1120676620B2B1D4003CC4E3 /* Masonry */,
				1120678020B2B1D4003CC4E3 /* README.md */,
			);
			path = Masonry;
			sourceTree = "<group>";
		};
		1120676620B2B1D4003CC4E3 /* Masonry */ = {
			isa = PBXGroup;
			children = (
				1120676720B2B1D4003CC4E3 /* MASCompositeConstraint.h */,
				1120676820B2B1D4003CC4E3 /* NSLayoutConstraint+MASDebugAdditions.m */,
				1120676920B2B1D4003CC4E3 /* MASConstraint+Private.h */,
				1120676A20B2B1D4003CC4E3 /* MASLayoutConstraint.h */,
				1120676B20B2B1D4003CC4E3 /* NSArray+MASShorthandAdditions.h */,
				1120676C20B2B1D4003CC4E3 /* MASConstraintMaker.h */,
				1120676D20B2B1D4003CC4E3 /* View+MASAdditions.h */,
				1120676E20B2B1D4003CC4E3 /* NSArray+MASAdditions.h */,
				1120676F20B2B1D4003CC4E3 /* MASUtilities.h */,
				1120677020B2B1D4003CC4E3 /* MASViewAttribute.h */,
				1120677120B2B1D4003CC4E3 /* ViewController+MASAdditions.m */,
				1120677220B2B1D4003CC4E3 /* MASViewConstraint.h */,
				1120677320B2B1D4003CC4E3 /* MASConstraint.h */,
				1120677420B2B1D4003CC4E3 /* NSLayoutConstraint+MASDebugAdditions.h */,
				1120677520B2B1D4003CC4E3 /* MASCompositeConstraint.m */,
				1120677620B2B1D4003CC4E3 /* MASConstraintMaker.m */,
				1120677720B2B1D4003CC4E3 /* MASLayoutConstraint.m */,
				1120677820B2B1D4003CC4E3 /* NSArray+MASAdditions.m */,
				1120677920B2B1D4003CC4E3 /* View+MASAdditions.m */,
				1120677A20B2B1D4003CC4E3 /* View+MASShorthandAdditions.h */,
				1120677B20B2B1D4003CC4E3 /* Masonry.h */,
				1120677C20B2B1D4003CC4E3 /* MASConstraint.m */,
				1120677D20B2B1D4003CC4E3 /* ViewController+MASAdditions.h */,
				1120677E20B2B1D4003CC4E3 /* MASViewConstraint.m */,
				1120677F20B2B1D4003CC4E3 /* MASViewAttribute.m */,
			);
			path = Masonry;
			sourceTree = "<group>";
		};
		1120678120B2B1D4003CC4E3 /* png */ = {
			isa = PBXGroup;
			children = (
				1120678220B2B1D4003CC4E3 /* pause@2x.png */,
				1120678320B2B1D4003CC4E3 /* play@3x.png */,
				1120678420B2B1D4003CC4E3 /* play@2x.png */,
				1120678520B2B1D4003CC4E3 /* pause@3x.png */,
				1120678620B2B1D4003CC4E3 /* fullscreen@2x.png */,
				1120678720B2B1D4003CC4E3 /* fullscreen@3x.png */,
				1120678820B2B1D4003CC4E3 /* bac.png */,
				1120678920B2B1D4003CC4E3 /* nonfullscreen@3x.png */,
				1120678A20B2B1D4003CC4E3 /* dot@2x.png */,
				1120678B20B2B1D4003CC4E3 /* dot@3x.png */,
				1120678C20B2B1D4003CC4E3 /* nonfullscreen@2x.png */,
			);
			path = png;
			sourceTree = "<group>";
		};
		114967F520B292B100E059BD = {
			isa = PBXGroup;
			children = (
				1149680020B292B100E059BD /* zzTestGit */,
				1149681920B292B300E059BD /* zzTestGitTests */,
				1149682420B292B300E059BD /* zzTestGitUITests */,
				114967FF20B292B100E059BD /* Products */,
			);
			sourceTree = "<group>";
		};
		114967FF20B292B100E059BD /* Products */ = {
			isa = PBXGroup;
			children = (
				114967FE20B292B100E059BD /* zzTestGit.app */,
				1149681620B292B300E059BD /* zzTestGitTests.xctest */,
				1149682120B292B300E059BD /* zzTestGitUITests.xctest */,
			);
			name = Products;
			sourceTree = "<group>";
		};
		1149680020B292B100E059BD /* zzTestGit */ = {
			isa = PBXGroup;
			children = (
				1149680120B292B100E059BD /* AppDelegate.h */,
				1149680220B292B100E059BD /* AppDelegate.m */,
				1149680420B292B100E059BD /* ViewController.h */,
				1149680520B292B100E059BD /* ViewController.m */,
				1120671B20B2A19B003CC4E3 /* TestViewController.h */,
				1120671C20B2A19B003CC4E3 /* TestViewController.m */,
				1120676120B2B1BE003CC4E3 /* TVViewController.h */,
				1120676220B2B1BE003CC4E3 /* TVViewController.m */,
				1149680720B292B100E059BD /* Main.storyboard */,
				1149680A20B292B300E059BD /* Assets.xcassets */,
				1149680C20B292B300E059BD /* LaunchScreen.storyboard */,
				1149680F20B292B300E059BD /* Info.plist */,
				1149681020B292B300E059BD /* main.m */,
				1120676420B2B1D4003CC4E3 /* Masonry */,
				1120678120B2B1D4003CC4E3 /* png */,
			);
			path = zzTestGit;
			sourceTree = "<group>";
		};
		1149681920B292B300E059BD /* zzTestGitTests */ = {
			isa = PBXGroup;
			children = (
				1149681A20B292B300E059BD /* zzTestGitTests.m */,
				1149681C20B292B300E059BD /* Info.plist */,
			);
			path = zzTestGitTests;
			sourceTree = "<group>";
		};
		1149682420B292B300E059BD /* zzTestGitUITests */ = {
			isa = PBXGroup;
			children = (
				1149682520B292B300E059BD /* zzTestGitUITests.m */,
				1149682720B292B300E059BD /* Info.plist */,
			);
			path = zzTestGitUITests;
			sourceTree = "<group>";
		};
/* End PBXGroup section */

/* Begin PBXNativeTarget section */
		114967FD20B292B100E059BD /* zzTestGit */ = {
			isa = PBXNativeTarget;
			buildConfigurationList = 1149682A20B292B300E059BD /* Build configuration list for PBXNativeTarget "zzTestGit" */;
			buildPhases = (
				114967FA20B292B100E059BD /* Sources */,
				114967FB20B292B100E059BD /* Frameworks */,
				114967FC20B292B100E059BD /* Resources */,
			);
			buildRules = (
			);
			dependencies = (
			);
			name = zzTestGit;
			productName = zzTestGit;
			productReference = 114967FE20B292B100E059BD /* zzTestGit.app */;
			productType = "com.apple.product-type.application";
		};
		1149681520B292B300E059BD /* zzTestGitTests */ = {
			isa = PBXNativeTarget;
			buildConfigurationList = 1149682D20B292B300E059BD /* Build configuration list for PBXNativeTarget "zzTestGitTests" */;
			buildPhases = (
				1149681220B292B300E059BD /* Sources */,
				1149681320B292B300E059BD /* Frameworks */,
				1149681420B292B300E059BD /* Resources */,
			);
			buildRules = (
			);
			dependencies = (
				1149681820B292B300E059BD /* PBXTargetDependency */,
			);
			name = zzTestGitTests;
			productName = zzTestGitTests;
			productReference = 1149681620B292B300E059BD /* zzTestGitTests.xctest */;
			productType = "com.apple.product-type.bundle.unit-test";
		};
		1149682020B292B300E059BD /* zzTestGitUITests */ = {
			isa = PBXNativeTarget;
			buildConfigurationList = 1149683020B292B300E059BD /* Build configuration list for PBXNativeTarget "zzTestGitUITests" */;
			buildPhases = (
				1149681D20B292B300E059BD /* Sources */,
				1149681E20B292B300E059BD /* Frameworks */,
				1149681F20B292B300E059BD /* Resources */,
			);
			buildRules = (
			);
			dependencies = (
				1149682320B292B300E059BD /* PBXTargetDependency */,
			);
			name = zzTestGitUITests;
			productName = zzTestGitUITests;
			productReference = 1149682120B292B300E059BD /* zzTestGitUITests.xctest */;
			productType = "com.apple.product-type.bundle.ui-testing";
		};
/* End PBXNativeTarget section */

/* Begin PBXProject section */
		114967F620B292B100E059BD /* Project object */ = {
			isa = PBXProject;
			attributes = {
				LastUpgradeCheck = 0930;
				ORGANIZATIONNAME = "赵兴隆";
				TargetAttributes = {
					114967FD20B292B100E059BD = {
						CreatedOnToolsVersion = 9.3;
					};
					1149681520B292B300E059BD = {
						CreatedOnToolsVersion = 9.3;
						TestTargetID = 114967FD20B292B100E059BD;
					};
					1149682020B292B300E059BD = {
						CreatedOnToolsVersion = 9.3;
						TestTargetID = 114967FD20B292B100E059BD;
					};
				};
			};
			buildConfigurationList = 114967F920B292B100E059BD /* Build configuration list for PBXProject "zzTestGit" */;
			compatibilityVersion = "Xcode 9.3";
			developmentRegion = en;
			hasScannedForEncodings = 0;
			knownRegions = (
				en,
				Base,
			);
			mainGroup = 114967F520B292B100E059BD;
			productRefGroup = 114967FF20B292B100E059BD /* Products */;
			projectDirPath = "";
			projectRoot = "";
			targets = (
				114967FD20B292B100E059BD /* zzTestGit */,
				1149681520B292B300E059BD /* zzTestGitTests */,
				1149682020B292B300E059BD /* zzTestGitUITests */,
			);
		};
/* End PBXProject section */

/* Begin PBXResourcesBuildPhase section */
		114967FC20B292B100E059BD /* Resources */ = {
			isa = PBXResourcesBuildPhase;
			buildActionMask = 2147483647;
			files = (
				1120679F20B2B1D5003CC4E3 /* bac.png in Resources */,
				1149680E20B292B300E059BD /* LaunchScreen.storyboard in Resources */,
				1120679D20B2B1D5003CC4E3 /* fullscreen@2x.png in Resources */,
				112067A020B2B1D5003CC4E3 /* nonfullscreen@3x.png in Resources */,
				112067A220B2B1D5003CC4E3 /* dot@3x.png in Resources */,
				1120679E20B2B1D5003CC4E3 /* fullscreen@3x.png in Resources */,
				1120679A20B2B1D4003CC4E3 /* play@3x.png in Resources */,
				1120679920B2B1D4003CC4E3 /* pause@2x.png in Resources */,
				1149680B20B292B300E059BD /* Assets.xcassets in Resources */,
				1120679C20B2B1D5003CC4E3 /* pause@3x.png in Resources */,
				1120679820B2B1D4003CC4E3 /* README.md in Resources */,
				1120678D20B2B1D4003CC4E3 /* LICENSE in Resources */,
				1120679B20B2B1D4003CC4E3 /* play@2x.png in Resources */,
				112067A120B2B1D5003CC4E3 /* dot@2x.png in Resources */,
				1149680920B292B100E059BD /* Main.storyboard in Resources */,
				112067A320B2B1D5003CC4E3 /* nonfullscreen@2x.png in Resources */,
			);
			runOnlyForDeploymentPostprocessing = 0;
		};
		1149681420B292B300E059BD /* Resources */ = {
			isa = PBXResourcesBuildPhase;
			buildActionMask = 2147483647;
			files = (
			);
			runOnlyForDeploymentPostprocessing = 0;
		};
		1149681F20B292B300E059BD /* Resources */ = {
			isa = PBXResourcesBuildPhase;
			buildActionMask = 2147483647;
			files = (
			);
			runOnlyForDeploymentPostprocessing = 0;
		};
/* End PBXResourcesBuildPhase section */

/* Begin PBXSourcesBuildPhase section */
		114967FA20B292B100E059BD /* Sources */ = {
			isa = PBXSourcesBuildPhase;
			buildActionMask = 2147483647;
			files = (
				1120676320B2B1BE003CC4E3 /* TVViewController.m in Sources */,
				1149680620B292B100E059BD /* ViewController.m in Sources */,
				1120679220B2B1D4003CC4E3 /* MASLayoutConstraint.m in Sources */,
				1149681120B292B300E059BD /* main.m in Sources */,
				1120671D20B2A19B003CC4E3 /* TestViewController.m in Sources */,
				1120679720B2B1D4003CC4E3 /* MASViewAttribute.m in Sources */,
				1120679320B2B1D4003CC4E3 /* NSArray+MASAdditions.m in Sources */,
				1120679020B2B1D4003CC4E3 /* MASCompositeConstraint.m in Sources */,
				1120679120B2B1D4003CC4E3 /* MASConstraintMaker.m in Sources */,
				1120679420B2B1D4003CC4E3 /* View+MASAdditions.m in Sources */,
				1120678F20B2B1D4003CC4E3 /* ViewController+MASAdditions.m in Sources */,
				1149680320B292B100E059BD /* AppDelegate.m in Sources */,
				1120679620B2B1D4003CC4E3 /* MASViewConstraint.m in Sources */,
				1120678E20B2B1D4003CC4E3 /* NSLayoutConstraint+MASDebugAdditions.m in Sources */,
				1120679520B2B1D4003CC4E3 /* MASConstraint.m in Sources */,
			);
			runOnlyForDeploymentPostprocessing = 0;
		};
		1149681220B292B300E059BD /* Sources */ = {
			isa = PBXSourcesBuildPhase;
			buildActionMask = 2147483647;
			files = (
				1149681B20B292B300E059BD /* zzTestGitTests.m in Sources */,
			);
			runOnlyForDeploymentPostprocessing = 0;
		};
		1149681D20B292B300E059BD /* Sources */ = {
			isa = PBXSourcesBuildPhase;
			buildActionMask = 2147483647;
			files = (
				1149682620B292B300E059BD /* zzTestGitUITests.m in Sources */,
			);
			runOnlyForDeploymentPostprocessing = 0;
		};
/* End PBXSourcesBuildPhase section */

/* Begin PBXTargetDependency section */
		1149681820B292B300E059BD /* PBXTargetDependency */ = {
			isa = PBXTargetDependency;
			target = 114967FD20B292B100E059BD /* zzTestGit */;
			targetProxy = 1149681720B292B300E059BD /* PBXContainerItemProxy */;
		};
		1149682320B292B300E059BD /* PBXTargetDependency */ = {
			isa = PBXTargetDependency;
			target = 114967FD20B292B100E059BD /* zzTestGit */;
			targetProxy = 1149682220B292B300E059BD /* PBXContainerItemProxy */;
		};
/* End PBXTargetDependency section */

/* Begin PBXVariantGroup section */
		1149680720B292B100E059BD /* Main.storyboard */ = {
			isa = PBXVariantGroup;
			children = (
				1149680820B292B100E059BD /* Base */,
			);
			name = Main.storyboard;
			sourceTree = "<group>";
		};
		1149680C20B292B300E059BD /* LaunchScreen.storyboard */ = {
			isa = PBXVariantGroup;
			children = (
				1149680D20B292B300E059BD /* Base */,
			);
			name = LaunchScreen.storyboard;
			sourceTree = "<group>";
		};
/* End PBXVariantGroup section */

/* Begin XCBuildConfiguration section */
		1149682820B292B300E059BD /* Debug */ = {
			isa = XCBuildConfiguration;
			buildSettings = {
				ALWAYS_SEARCH_USER_PATHS = NO;
				CLANG_ANALYZER_NONNULL = YES;
				CLANG_ANALYZER_NUMBER_OBJECT_CONVERSION = YES_AGGRESSIVE;
				CLANG_CXX_LANGUAGE_STANDARD = "gnu++14";
				CLANG_CXX_LIBRARY = "libc++";
				CLANG_ENABLE_MODULES = YES;
				CLANG_ENABLE_OBJC_ARC = YES;
				CLANG_ENABLE_OBJC_WEAK = YES;
				CLANG_WARN_BLOCK_CAPTURE_AUTORELEASING = YES;
				CLANG_WARN_BOOL_CONVERSION = YES;
				CLANG_WARN_COMMA = YES;
				CLANG_WARN_CONSTANT_CONVERSION = YES;
				CLANG_WARN_DEPRECATED_OBJC_IMPLEMENTATIONS = YES;
				CLANG_WARN_DIRECT_OBJC_ISA_USAGE = YES_ERROR;
				CLANG_WARN_DOCUMENTATION_COMMENTS = YES;
				CLANG_WARN_EMPTY_BODY = YES;
				CLANG_WARN_ENUM_CONVERSION = YES;
				CLANG_WARN_INFINITE_RECURSION = YES;
				CLANG_WARN_INT_CONVERSION = YES;
				CLANG_WARN_NON_LITERAL_NULL_CONVERSION = YES;
				CLANG_WARN_OBJC_IMPLICIT_RETAIN_SELF = YES;
				CLANG_WARN_OBJC_LITERAL_CONVERSION = YES;
				CLANG_WARN_OBJC_ROOT_CLASS = YES_ERROR;
				CLANG_WARN_RANGE_LOOP_ANALYSIS = YES;
				CLANG_WARN_STRICT_PROTOTYPES = YES;
				CLANG_WARN_SUSPICIOUS_MOVE = YES;
				CLANG_WARN_UNGUARDED_AVAILABILITY = YES_AGGRESSIVE;
				CLANG_WARN_UNREACHABLE_CODE = YES;
				CLANG_WARN__DUPLICATE_METHOD_MATCH = YES;
				CODE_SIGN_IDENTITY = "iPhone Developer";
				COPY_PHASE_STRIP = NO;
				DEBUG_INFORMATION_FORMAT = dwarf;
				ENABLE_STRICT_OBJC_MSGSEND = YES;
				ENABLE_TESTABILITY = YES;
				GCC_C_LANGUAGE_STANDARD = gnu11;
				GCC_DYNAMIC_NO_PIC = NO;
				GCC_NO_COMMON_BLOCKS = YES;
				GCC_OPTIMIZATION_LEVEL = 0;
				GCC_PREPROCESSOR_DEFINITIONS = (
					"DEBUG=1",
					"$(inherited)",
				);
				GCC_WARN_64_TO_32_BIT_CONVERSION = YES;
				GCC_WARN_ABOUT_RETURN_TYPE = YES_ERROR;
				GCC_WARN_UNDECLARED_SELECTOR = YES;
				GCC_WARN_UNINITIALIZED_AUTOS = YES_AGGRESSIVE;
				GCC_WARN_UNUSED_FUNCTION = YES;
				GCC_WARN_UNUSED_VARIABLE = YES;
				IPHONEOS_DEPLOYMENT_TARGET = 11.3;
				MTL_ENABLE_DEBUG_INFO = YES;
				ONLY_ACTIVE_ARCH = YES;
				SDKROOT = iphoneos;
			};
			name = Debug;
		};
		1149682920B292B300E059BD /* Release */ = {
			isa = XCBuildConfiguration;
			buildSettings = {
				ALWAYS_SEARCH_USER_PATHS = NO;
				CLANG_ANALYZER_NONNULL = YES;
				CLANG_ANALYZER_NUMBER_OBJECT_CONVERSION = YES_AGGRESSIVE;
				CLANG_CXX_LANGUAGE_STANDARD = "gnu++14";
				CLANG_CXX_LIBRARY = "libc++";
				CLANG_ENABLE_MODULES = YES;
				CLANG_ENABLE_OBJC_ARC = YES;
				CLANG_ENABLE_OBJC_WEAK = YES;
				CLANG_WARN_BLOCK_CAPTURE_AUTORELEASING = YES;
				CLANG_WARN_BOOL_CONVERSION = YES;
				CLANG_WARN_COMMA = YES;
				CLANG_WARN_CONSTANT_CONVERSION = YES;
				CLANG_WARN_DEPRECATED_OBJC_IMPLEMENTATIONS = YES;
				CLANG_WARN_DIRECT_OBJC_ISA_USAGE = YES_ERROR;
				CLANG_WARN_DOCUMENTATION_COMMENTS = YES;
				CLANG_WARN_EMPTY_BODY = YES;
				CLANG_WARN_ENUM_CONVERSION = YES;
				CLANG_WARN_INFINITE_RECURSION = YES;
				CLANG_WARN_INT_CONVERSION = YES;
				CLANG_WARN_NON_LITERAL_NULL_CONVERSION = YES;
				CLANG_WARN_OBJC_IMPLICIT_RETAIN_SELF = YES;
				CLANG_WARN_OBJC_LITERAL_CONVERSION = YES;
				CLANG_WARN_OBJC_ROOT_CLASS = YES_ERROR;
				CLANG_WARN_RANGE_LOOP_ANALYSIS = YES;
				CLANG_WARN_STRICT_PROTOTYPES = YES;
				CLANG_WARN_SUSPICIOUS_MOVE = YES;
				CLANG_WARN_UNGUARDED_AVAILABILITY = YES_AGGRESSIVE;
				CLANG_WARN_UNREACHABLE_CODE = YES;
				CLANG_WARN__DUPLICATE_METHOD_MATCH = YES;
				CODE_SIGN_IDENTITY = "iPhone Developer";
				COPY_PHASE_STRIP = NO;
				DEBUG_INFORMATION_FORMAT = "dwarf-with-dsym";
				ENABLE_NS_ASSERTIONS = NO;
				ENABLE_STRICT_OBJC_MSGSEND = YES;
				GCC_C_LANGUAGE_STANDARD = gnu11;
				GCC_NO_COMMON_BLOCKS = YES;
				GCC_WARN_64_TO_32_BIT_CONVERSION = YES;
				GCC_WARN_ABOUT_RETURN_TYPE = YES_ERROR;
				GCC_WARN_UNDECLARED_SELECTOR = YES;
				GCC_WARN_UNINITIALIZED_AUTOS = YES_AGGRESSIVE;
				GCC_WARN_UNUSED_FUNCTION = YES;
				GCC_WARN_UNUSED_VARIABLE = YES;
				IPHONEOS_DEPLOYMENT_TARGET = 11.3;
				MTL_ENABLE_DEBUG_INFO = NO;
				SDKROOT = iphoneos;
				VALIDATE_PRODUCT = YES;
			};
			name = Release;
		};
		1149682B20B292B300E059BD /* Debug */ = {
			isa = XCBuildConfiguration;
			buildSettings = {
				ASSETCATALOG_COMPILER_APPICON_NAME = AppIcon;
				CODE_SIGN_STYLE = Automatic;
				DEVELOPMENT_TEAM = HXN7J2UK9S;
				INFOPLIST_FILE = zzTestGit/Info.plist;
				LD_RUNPATH_SEARCH_PATHS = (
					"$(inherited)",
					"@executable_path/Frameworks",
				);
				PRODUCT_BUNDLE_IDENTIFIER = com.zxl.zzTestGit;
				PRODUCT_NAME = "$(TARGET_NAME)";
				TARGETED_DEVICE_FAMILY = "1,2";
			};
			name = Debug;
		};
		1149682C20B292B300E059BD /* Release */ = {
			isa = XCBuildConfiguration;
			buildSettings = {
				ASSETCATALOG_COMPILER_APPICON_NAME = AppIcon;
				CODE_SIGN_STYLE = Automatic;
				DEVELOPMENT_TEAM = HXN7J2UK9S;
				INFOPLIST_FILE = zzTestGit/Info.plist;
				IPHONEOS_DEPLOYMENT_TARGET = 10.3;
				LD_RUNPATH_SEARCH_PATHS = (
					"$(inherited)",
					"@executable_path/Frameworks",
				);
				PRODUCT_BUNDLE_IDENTIFIER = com.zxl.zzTestGit;
				PRODUCT_NAME = "$(TARGET_NAME)";
				TARGETED_DEVICE_FAMILY = "1,2";
			};
			name = Release;
		};
		1149682E20B292B300E059BD /* Debug */ = {
			isa = XCBuildConfiguration;
			buildSettings = {
				BUNDLE_LOADER = "$(TEST_HOST)";
				CODE_SIGN_STYLE = Automatic;
				DEVELOPMENT_TEAM = HXN7J2UK9S;
				INFOPLIST_FILE = zzTestGitTests/Info.plist;
				LD_RUNPATH_SEARCH_PATHS = (
					"$(inherited)",
					"@executable_path/Frameworks",
					"@loader_path/Frameworks",
				);
				PRODUCT_BUNDLE_IDENTIFIER = com.zxl.zzTestGitTests;
				PRODUCT_NAME = "$(TARGET_NAME)";
				TARGETED_DEVICE_FAMILY = "1,2";
				TEST_HOST = "$(BUILT_PRODUCTS_DIR)/zzTestGit.app/zzTestGit";
			};
			name = Debug;
		};
		1149682F20B292B300E059BD /* Release */ = {
			isa = XCBuildConfiguration;
			buildSettings = {
				BUNDLE_LOADER = "$(TEST_HOST)";
				CODE_SIGN_STYLE = Automatic;
				DEVELOPMENT_TEAM = HXN7J2UK9S;
				INFOPLIST_FILE = zzTestGitTests/Info.plist;
				LD_RUNPATH_SEARCH_PATHS = (
					"$(inherited)",
					"@executable_path/Frameworks",
					"@loader_path/Frameworks",
				);
				PRODUCT_BUNDLE_IDENTIFIER = com.zxl.zzTestGitTests;
				PRODUCT_NAME = "$(TARGET_NAME)";
				TARGETED_DEVICE_FAMILY = "1,2";
				TEST_HOST = "$(BUILT_PRODUCTS_DIR)/zzTestGit.app/zzTestGit";
			};
			name = Release;
		};
		1149683120B292B300E059BD /* Debug */ = {
			isa = XCBuildConfiguration;
			buildSettings = {
				CODE_SIGN_STYLE = Automatic;
				DEVELOPMENT_TEAM = HXN7J2UK9S;
				INFOPLIST_FILE = zzTestGitUITests/Info.plist;
				LD_RUNPATH_SEARCH_PATHS = (
					"$(inherited)",
					"@executable_path/Frameworks",
					"@loader_path/Frameworks",
				);
				PRODUCT_BUNDLE_IDENTIFIER = com.zxl.zzTestGitUITests;
				PRODUCT_NAME = "$(TARGET_NAME)";
				TARGETED_DEVICE_FAMILY = "1,2";
				TEST_TARGET_NAME = zzTestGit;
			};
			name = Debug;
		};
		1149683220B292B300E059BD /* Release */ = {
			isa = XCBuildConfiguration;
			buildSettings = {
				CODE_SIGN_STYLE = Automatic;
				DEVELOPMENT_TEAM = HXN7J2UK9S;
				INFOPLIST_FILE = zzTestGitUITests/Info.plist;
				LD_RUNPATH_SEARCH_PATHS = (
					"$(inherited)",
					"@executable_path/Frameworks",
					"@loader_path/Frameworks",
				);
				PRODUCT_BUNDLE_IDENTIFIER = com.zxl.zzTestGitUITests;
				PRODUCT_NAME = "$(TARGET_NAME)";
				TARGETED_DEVICE_FAMILY = "1,2";
				TEST_TARGET_NAME = zzTestGit;
			};
			name = Release;
		};
/* End XCBuildConfiguration section */

/* Begin XCConfigurationList section */
		114967F920B292B100E059BD /* Build configuration list for PBXProject "zzTestGit" */ = {
			isa = XCConfigurationList;
			buildConfigurations = (
				1149682820B292B300E059BD /* Debug */,
				1149682920B292B300E059BD /* Release */,
			);
			defaultConfigurationIsVisible = 0;
			defaultConfigurationName = Release;
		};
		1149682A20B292B300E059BD /* Build configuration list for PBXNativeTarget "zzTestGit" */ = {
			isa = XCConfigurationList;
			buildConfigurations = (
				1149682B20B292B300E059BD /* Debug */,
				1149682C20B292B300E059BD /* Release */,
			);
			defaultConfigurationIsVisible = 0;
			defaultConfigurationName = Release;
		};
		1149682D20B292B300E059BD /* Build configuration list for PBXNativeTarget "zzTestGitTests" */ = {
			isa = XCConfigurationList;
			buildConfigurations = (
				1149682E20B292B300E059BD /* Debug */,
				1149682F20B292B300E059BD /* Release */,
			);
			defaultConfigurationIsVisible = 0;
			defaultConfigurationName = Release;
		};
		1149683020B292B300E059BD /* Build configuration list for PBXNativeTarget "zzTestGitUITests" */ = {
			isa = XCConfigurationList;
			buildConfigurations = (
				1149683120B292B300E059BD /* Debug */,
				1149683220B292B300E059BD /* Release */,
			);
			defaultConfigurationIsVisible = 0;
			defaultConfigurationName = Release;
		};
/* End XCConfigurationList section */
	};
	rootObject = 114967F620B292B100E059BD /* Project object */;
}
